
Microsoft Visual Studio Solution File, Format Version 12.00
# Visual Studio Version 16
VisualStudioVersion = 16.0.29102.190
MinimumVisualStudioVersion = 10.0.40219.1
Project("{9A19103F-16F7-4668-BE54-9A1E7A4F7556}") = "Wiz.Template.Gateway", "src\Wiz.Template.Gateway\Wiz.Template.Gateway.csproj", "{DC025A85-EB2A-4D5B-9EAF-9EDF560CBA29}"
EndProject
Project("{2150E333-8FDC-42A3-9474-1A3956D46DE8}") = "src", "src", "{9326F6B3-4948-4FF3-B456-BB9391AC3305}"
EndProject
Global
	GlobalSection(SolutionConfigurationPlatforms) = preSolution
		Debug|Any CPU = Debug|Any CPU
		Release|Any CPU = Release|Any CPU
	EndGlobalSection
	GlobalSection(ProjectConfigurationPlatforms) = postSolution
		{DC025A85-EB2A-4D5B-9EAF-9EDF560CBA29}.Debug|Any CPU.ActiveCfg = Debug|Any CPU
		{DC025A85-EB2A-4D5B-9EAF-9EDF560CBA29}.Debug|Any CPU.Build.0 = Debug|Any CPU
		{DC025A85-EB2A-4D5B-9EAF-9EDF560CBA29}.Release|Any CPU.ActiveCfg = Release|Any CPU
		{DC025A85-EB2A-4D5B-9EAF-9EDF560CBA29}.Release|Any CPU.Build.0 = Release|Any CPU
	EndGlobalSection
	GlobalSection(SolutionProperties) = preSolution
		HideSolutionNode = FALSE
	EndGlobalSection
	GlobalSection(NestedProjects) = preSolution
		{DC025A85-EB2A-4D5B-9EAF-9EDF560CBA29} = {9326F6B3-4948-4FF3-B456-BB9391AC3305}
	EndGlobalSection
	GlobalSection(ExtensibilityGlobals) = postSolution
		SolutionGuid = {0F060ABF-F369-44B7-9776-5ACFC35B4FF4}
	EndGlobalSection
EndGlobal
